{
  "name": "group-initiative",
  "version": "1.3.1",
  "lockfileVersion": 1,
  "requires": true,
  "dependencies": {
    "@types/jquery": {
      "version": "3.3.34",
      "resolved": "https://registry.npmjs.org/@types/jquery/-/jquery-3.3.34.tgz",
      "integrity": "sha512-lW9vsVL53Xu/Nj4gi2hNmHGc4u3KKghjqTkAlO0kF5GIOPxbqqnQpgqJBzmn3yXLrPqHb6cmNJ6URnS23Vtvbg==",
      "dev": true,
      "requires": {
        "@types/sizzle": "*"
      }
    },
    "@types/sizzle": {
      "version": "2.3.2",
      "resolved": "https://registry.npmjs.org/@types/sizzle/-/sizzle-2.3.2.tgz",
      "integrity": "sha512-7EJYyKTL7tFR8+gDbB6Wwz/arpGa0Mywk1TJbNzKzHtzbwVmY4HR9WqS5VV7dsBUKQmPNr192jHr/VpBluj/hg==",
      "dev": true
    },
    "foundry-pc-types": {
      "version": "gitlab:foundry-projects/foundry-pc/foundry-pc-types#b0eddd1d1bb95db92eb70307ed19edb642f63084",
      "from": "gitlab:foundry-projects/foundry-pc/foundry-pc-types",
      "dev": true,
      "requires": {
        "@types/jquery": "^3.5.1"
      }
    },
    "prettier": {
      "version": "2.0.4",
      "resolved": "https://registry.npmjs.org/prettier/-/prettier-2.0.4.tgz",
      "integrity": "sha512-SVJIQ51spzFDvh4fIbCLvciiDMCrRhlN3mbZvv/+ycjvmF5E73bKdGfU8QDLNmjYJf+lsGnDBC4UUnvTe5OO0w==",
      "dev": true
    }
  }
}
